// !$*UTF8*$!
{
	archiveVersion = 1;
	classes = {
	};
	objectVersion = 50;
	objects = {

/* Begin PBXBuildFile section */
		0257358B26CD53A7006E3E6E /* AppDelegate.swift in Sources */ = {isa = PBXBuildFile; fileRef = 0257358A26CD53A7006E3E6E /* AppDelegate.swift */; };
		0257358D26CD53A7006E3E6E /* SceneDelegate.swift in Sources */ = {isa = PBXBuildFile; fileRef = 0257358C26CD53A7006E3E6E /* SceneDelegate.swift */; };
		0257358F26CD53A7006E3E6E /* NewsListViewController.swift in Sources */ = {isa = PBXBuildFile; fileRef = 0257358E26CD53A7006E3E6E /* NewsListViewController.swift */; };
		0257359426CD53A9006E3E6E /* Assets.xcassets in Resources */ = {isa = PBXBuildFile; fileRef = 0257359326CD53A9006E3E6E /* Assets.xcassets */; };
		0257359726CD53A9006E3E6E /* LaunchScreen.storyboard in Resources */ = {isa = PBXBuildFile; fileRef = 0257359526CD53A9006E3E6E /* LaunchScreen.storyboard */; };
		025735A026CD54CE006E3E6E /* NetworkManager.swift in Sources */ = {isa = PBXBuildFile; fileRef = 0257359F26CD54CE006E3E6E /* NetworkManager.swift */; };
		025735A626CD55E1006E3E6E /* News.swift in Sources */ = {isa = PBXBuildFile; fileRef = 025735A526CD55E1006E3E6E /* News.swift */; };
		025735A826CD56E3006E3E6E /* Constants.swift in Sources */ = {isa = PBXBuildFile; fileRef = 025735A726CD56E3006E3E6E /* Constants.swift */; };
		025735AA26CD6255006E3E6E /* NewsTableViewCell.swift in Sources */ = {isa = PBXBuildFile; fileRef = 025735A926CD6255006E3E6E /* NewsTableViewCell.swift */; };
		025735AD26CD88B9006E3E6E /* NewsViewModel.swift in Sources */ = {isa = PBXBuildFile; fileRef = 025735AC26CD88B9006E3E6E /* NewsViewModel.swift */; };
		025735AF26CD8E4E006E3E6E /* SelectedNewsViewController.swift in Sources */ = {isa = PBXBuildFile; fileRef = 025735AE26CD8E4E006E3E6E /* SelectedNewsViewController.swift */; };
/* End PBXBuildFile section */

/* Begin PBXFileReference section */
		0257358726CD53A7006E3E6E /* FinamNewsApp.app */ = {isa = PBXFileReference; explicitFileType = wrapper.application; includeInIndex = 0; path = FinamNewsApp.app; sourceTree = BUILT_PRODUCTS_DIR; };
		0257358A26CD53A7006E3E6E /* AppDelegate.swift */ = {isa = PBXFileReference; lastKnownFileType = sourcecode.swift; path = AppDelegate.swift; sourceTree = "<group>"; };
		0257358C26CD53A7006E3E6E /* SceneDelegate.swift */ = {isa = PBXFileReference; lastKnownFileType = sourcecode.swift; path = SceneDelegate.swift; sourceTree = "<group>"; };
		0257358E26CD53A7006E3E6E /* NewsListViewController.swift */ = {isa = PBXFileReference; lastKnownFileType = sourcecode.swift; path = NewsListViewController.swift; sourceTree = "<group>"; };
		0257359326CD53A9006E3E6E /* Assets.xcassets */ = {isa = PBXFileReference; lastKnownFileType = folder.assetcatalog; path = Assets.xcassets; sourceTree = "<group>"; };
		0257359626CD53A9006E3E6E /* Base */ = {isa = PBXFileReference; lastKnownFileType = file.storyboard; name = Base; path = Base.lproj/LaunchScreen.storyboard; sourceTree = "<group>"; };
		0257359826CD53A9006E3E6E /* Info.plist */ = {isa = PBXFileReference; lastKnownFileType = text.plist.xml; path = Info.plist; sourceTree = "<group>"; };
		0257359F26CD54CE006E3E6E /* NetworkManager.swift */ = {isa = PBXFileReference; lastKnownFileType = sourcecode.swift; path = NetworkManager.swift; sourceTree = "<group>"; };
		025735A526CD55E1006E3E6E /* News.swift */ = {isa = PBXFileReference; lastKnownFileType = sourcecode.swift; path = News.swift; sourceTree = "<group>"; };
		025735A726CD56E3006E3E6E /* Constants.swift */ = {isa = PBXFileReference; lastKnownFileType = sourcecode.swift; path = Constants.swift; sourceTree = "<group>"; };
		025735A926CD6255006E3E6E /* NewsTableViewCell.swift */ = {isa = PBXFileReference; lastKnownFileType = sourcecode.swift; path = NewsTableViewCell.swift; sourceTree = "<group>"; };
		025735AC26CD88B9006E3E6E /* NewsViewModel.swift */ = {isa = PBXFileReference; lastKnownFileType = sourcecode.swift; path = NewsViewModel.swift; sourceTree = "<group>"; };
		025735AE26CD8E4E006E3E6E /* SelectedNewsViewController.swift */ = {isa = PBXFileReference; lastKnownFileType = sourcecode.swift; path = SelectedNewsViewController.swift; sourceTree = "<group>"; };
/* End PBXFileReference section */

/* Begin PBXFrameworksBuildPhase section */
		0257358426CD53A7006E3E6E /* Frameworks */ = {
			isa = PBXFrameworksBuildPhase;
			buildActionMask = 2147483647;
			files = (
			);
			runOnlyForDeploymentPostprocessing = 0;
		};
/* End PBXFrameworksBuildPhase section */

/* Begin PBXGroup section */
		0257357E26CD53A7006E3E6E = {
			isa = PBXGroup;
			children = (
				0257358926CD53A7006E3E6E /* FinamNewsApp */,
				0257358826CD53A7006E3E6E /* Products */,
			);
			sourceTree = "<group>";
		};
		0257358826CD53A7006E3E6E /* Products */ = {
			isa = PBXGroup;
			children = (
				0257358726CD53A7006E3E6E /* FinamNewsApp.app */,
			);
			name = Products;
			sourceTree = "<group>";
		};
		0257358926CD53A7006E3E6E /* FinamNewsApp */ = {
			isa = PBXGroup;
			children = (
				025735A226CD5587006E3E6E /* Helpers */,
				025735A426CD55D5006E3E6E /* Models */,
				025735AB26CD88A1006E3E6E /* ViewModels */,
				025735A126CD5580006E3E6E /* Controllers */,
				0257359E26CD54B9006E3E6E /* NetworkManagers */,
				025735A326CD55AE006E3E6E /* Views */,
				0257359826CD53A9006E3E6E /* Info.plist */,
			);
			path = FinamNewsApp;
			sourceTree = "<group>";
		};
		0257359E26CD54B9006E3E6E /* NetworkManagers */ = {
			isa = PBXGroup;
			children = (
				0257359F26CD54CE006E3E6E /* NetworkManager.swift */,
			);
			path = NetworkManagers;
			sourceTree = "<group>";
		};
		025735A126CD5580006E3E6E /* Controllers */ = {
			isa = PBXGroup;
			children = (
				0257358E26CD53A7006E3E6E /* NewsListViewController.swift */,
				025735AE26CD8E4E006E3E6E /* SelectedNewsViewController.swift */,
			);
			path = Controllers;
			sourceTree = "<group>";
		};
		025735A226CD5587006E3E6E /* Helpers */ = {
			isa = PBXGroup;
			children = (
				0257358A26CD53A7006E3E6E /* AppDelegate.swift */,
				0257358C26CD53A7006E3E6E /* SceneDelegate.swift */,
				0257359326CD53A9006E3E6E /* Assets.xcassets */,
				0257359526CD53A9006E3E6E /* LaunchScreen.storyboard */,
			);
			path = Helpers;
			sourceTree = "<group>";
		};
		025735A326CD55AE006E3E6E /* Views */ = {
			isa = PBXGroup;
			children = (
				025735A926CD6255006E3E6E /* NewsTableViewCell.swift */,
			);
			path = Views;
			sourceTree = "<group>";
		};
		025735A426CD55D5006E3E6E /* Models */ = {
			isa = PBXGroup;
			children = (
				025735A526CD55E1006E3E6E /* News.swift */,
				025735A726CD56E3006E3E6E /* Constants.swift */,
			);
			path = Models;
			sourceTree = "<group>";
		};
		025735AB26CD88A1006E3E6E /* ViewModels */ = {
			isa = PBXGroup;
			children = (
				025735AC26CD88B9006E3E6E /* NewsViewModel.swift */,
			);
			path = ViewModels;
			sourceTree = "<group>";
		};
/* End PBXGroup section */

/* Begin PBXNativeTarget section */
		0257358626CD53A7006E3E6E /* FinamNewsApp */ = {
			isa = PBXNativeTarget;
			buildConfigurationList = 0257359B26CD53A9006E3E6E /* Build configuration list for PBXNativeTarget "FinamNewsApp" */;
			buildPhases = (
				0257358326CD53A7006E3E6E /* Sources */,
				0257358426CD53A7006E3E6E /* Frameworks */,
				0257358526CD53A7006E3E6E /* Resources */,
			);
			buildRules = (
			);
			dependencies = (
			);
			name = FinamNewsApp;
			productName = FinamNewsApp;
			productReference = 0257358726CD53A7006E3E6E /* FinamNewsApp.app */;
			productType = "com.apple.product-type.application";
		};
/* End PBXNativeTarget section */

/* Begin PBXProject section */
		0257357F26CD53A7006E3E6E /* Project object */ = {
			isa = PBXProject;
			attributes = {
				LastSwiftUpdateCheck = 1250;
				LastUpgradeCheck = 1250;
				TargetAttributes = {
					0257358626CD53A7006E3E6E = {
						CreatedOnToolsVersion = 12.5.1;
					};
				};
			};
			buildConfigurationList = 0257358226CD53A7006E3E6E /* Build configuration list for PBXProject "FinamNewsApp" */;
			compatibilityVersion = "Xcode 9.3";
			developmentRegion = en;
			hasScannedForEncodings = 0;
			knownRegions = (
				en,
				Base,
			);
			mainGroup = 0257357E26CD53A7006E3E6E;
			productRefGroup = 0257358826CD53A7006E3E6E /* Products */;
			projectDirPath = "";
			projectRoot = "";
			targets = (
				0257358626CD53A7006E3E6E /* FinamNewsApp */,
			);
		};
/* End PBXProject section */

/* Begin PBXResourcesBuildPhase section */
		0257358526CD53A7006E3E6E /* Resources */ = {
			isa = PBXResourcesBuildPhase;
			buildActionMask = 2147483647;
			files = (
				0257359726CD53A9006E3E6E /* LaunchScreen.storyboard in Resources */,
				0257359426CD53A9006E3E6E /* Assets.xcassets in Resources */,
			);
			runOnlyForDeploymentPostprocessing = 0;
		};
/* End PBXResourcesBuildPhase section */

/* Begin PBXSourcesBuildPhase section */
		0257358326CD53A7006E3E6E /* Sources */ = {
			isa = PBXSourcesBuildPhase;
			buildActionMask = 2147483647;
			files = (
				025735A026CD54CE006E3E6E /* NetworkManager.swift in Sources */,
				0257358F26CD53A7006E3E6E /* NewsListViewController.swift in Sources */,
				0257358B26CD53A7006E3E6E /* AppDelegate.swift in Sources */,
				025735AF26CD8E4E006E3E6E /* SelectedNewsViewController.swift in Sources */,
				025735A626CD55E1006E3E6E /* News.swift in Sources */,
				025735AA26CD6255006E3E6E /* NewsTableViewCell.swift in Sources */,
				0257358D26CD53A7006E3E6E /* SceneDelegate.swift in Sources */,
				025735A826CD56E3006E3E6E /* Constants.swift in Sources */,
				025735AD26CD88B9006E3E6E /* NewsViewModel.swift in Sources */,
			);
			runOnlyForDeploymentPostprocessing = 0;
		};
/* End PBXSourcesBuildPhase section */

/* Begin PBXVariantGroup section */
		0257359526CD53A9006E3E6E /* LaunchScreen.storyboard */ = {
			isa = PBXVariantGroup;
			children = (
				0257359626CD53A9006E3E6E /* Base */,
			);
			name = LaunchScreen.storyboard;
			sourceTree = "<group>";
		};
/* End PBXVariantGroup section */

/* Begin XCBuildConfiguration section */
		0257359926CD53A9006E3E6E /* Debug */ = {
			isa = XCBuildConfiguration;
			buildSettings = {
				ALWAYS_SEARCH_USER_PATHS = NO;
				CLANG_ANALYZER_NONNULL = YES;
				CLANG_ANALYZER_NUMBER_OBJECT_CONVERSION = YES_AGGRESSIVE;
				CLANG_CXX_LANGUAGE_STANDARD = "gnu++14";
				CLANG_CXX_LIBRARY = "libc++";
				CLANG_ENABLE_MODULES = YES;
				CLANG_ENABLE_OBJC_ARC = YES;
				CLANG_ENABLE_OBJC_WEAK = YES;
				CLANG_WARN_BLOCK_CAPTURE_AUTORELEASING = YES;
				CLANG_WARN_BOOL_CONVERSION = YES;
				CLANG_WARN_COMMA = YES;
				CLANG_WARN_CONSTANT_CONVERSION = YES;
				CLANG_WARN_DEPRECATED_OBJC_IMPLEMENTATIONS = YES;
				CLANG_WARN_DIRECT_OBJC_ISA_USAGE = YES_ERROR;
				CLANG_WARN_DOCUMENTATION_COMMENTS = YES;
				CLANG_WARN_EMPTY_BODY = YES;
				CLANG_WARN_ENUM_CONVERSION = YES;
				CLANG_WARN_INFINITE_RECURSION = YES;
				CLANG_WARN_INT_CONVERSION = YES;
				CLANG_WARN_NON_LITERAL_NULL_CONVERSION = YES;
				CLANG_WARN_OBJC_IMPLICIT_RETAIN_SELF = YES;
				CLANG_WARN_OBJC_LITERAL_CONVERSION = YES;
				CLANG_WARN_OBJC_ROOT_CLASS = YES_ERROR;
				CLANG_WARN_QUOTED_INCLUDE_IN_FRAMEWORK_HEADER = YES;
				CLANG_WARN_RANGE_LOOP_ANALYSIS = YES;
				CLANG_WARN_STRICT_PROTOTYPES = YES;
				CLANG_WARN_SUSPICIOUS_MOVE = YES;
				CLANG_WARN_UNGUARDED_AVAILABILITY = YES_AGGRESSIVE;
				CLANG_WARN_UNREACHABLE_CODE = YES;
				CLANG_WARN__DUPLICATE_METHOD_MATCH = YES;
				COPY_PHASE_STRIP = NO;
				DEBUG_INFORMATION_FORMAT = dwarf;
				ENABLE_STRICT_OBJC_MSGSEND = YES;
				ENABLE_TESTABILITY = YES;
				GCC_C_LANGUAGE_STANDARD = gnu11;
				GCC_DYNAMIC_NO_PIC = NO;
				GCC_NO_COMMON_BLOCKS = YES;
				GCC_OPTIMIZATION_LEVEL = 0;
				GCC_PREPROCESSOR_DEFINITIONS = (
					"DEBUG=1",
					"$(inherited)",
				);
				GCC_WARN_64_TO_32_BIT_CONVERSION = YES;
				GCC_WARN_ABOUT_RETURN_TYPE = YES_ERROR;
				GCC_WARN_UNDECLARED_SELECTOR = YES;
				GCC_WARN_UNINITIALIZED_AUTOS = YES_AGGRESSIVE;
				GCC_WARN_UNUSED_FUNCTION = YES;
				GCC_WARN_UNUSED_VARIABLE = YES;
				IPHONEOS_DEPLOYMENT_TARGET = 14.5;
				MTL_ENABLE_DEBUG_INFO = INCLUDE_SOURCE;
				MTL_FAST_MATH = YES;
				ONLY_ACTIVE_ARCH = YES;
				SDKROOT = iphoneos;
				SWIFT_ACTIVE_COMPILATION_CONDITIONS = DEBUG;
				SWIFT_OPTIMIZATION_LEVEL = "-Onone";
			};
			name = Debug;
		};
		0257359A26CD53A9006E3E6E /* Release */ = {
			isa = XCBuildConfiguration;
			buildSettings = {
				ALWAYS_SEARCH_USER_PATHS = NO;
				CLANG_ANALYZER_NONNULL = YES;
				CLANG_ANALYZER_NUMBER_OBJECT_CONVERSION = YES_AGGRESSIVE;
				CLANG_CXX_LANGUAGE_STANDARD = "gnu++14";
				CLANG_CXX_LIBRARY = "libc++";
				CLANG_ENABLE_MODULES = YES;
				CLANG_ENABLE_OBJC_ARC = YES;
				CLANG_ENABLE_OBJC_WEAK = YES;
				CLANG_WARN_BLOCK_CAPTURE_AUTORELEASING = YES;
				CLANG_WARN_BOOL_CONVERSION = YES;
				CLANG_WARN_COMMA = YES;
				CLANG_WARN_CONSTANT_CONVERSION = YES;
				CLANG_WARN_DEPRECATED_OBJC_IMPLEMENTATIONS = YES;
				CLANG_WARN_DIRECT_OBJC_ISA_USAGE = YES_ERROR;
				CLANG_WARN_DOCUMENTATION_COMMENTS = YES;
				CLANG_WARN_EMPTY_BODY = YES;
				CLANG_WARN_ENUM_CONVERSION = YES;
				CLANG_WARN_INFINITE_RECURSION = YES;
				CLANG_WARN_INT_CONVERSION = YES;
				CLANG_WARN_NON_LITERAL_NULL_CONVERSION = YES;
				CLANG_WARN_OBJC_IMPLICIT_RETAIN_SELF = YES;
				CLANG_WARN_OBJC_LITERAL_CONVERSION = YES;
				CLANG_WARN_OBJC_ROOT_CLASS = YES_ERROR;
				CLANG_WARN_QUOTED_INCLUDE_IN_FRAMEWORK_HEADER = YES;
				CLANG_WARN_RANGE_LOOP_ANALYSIS = YES;
				CLANG_WARN_STRICT_PROTOTYPES = YES;
				CLANG_WARN_SUSPICIOUS_MOVE = YES;
				CLANG_WARN_UNGUARDED_AVAILABILITY = YES_AGGRESSIVE;
				CLANG_WARN_UNREACHABLE_CODE = YES;
				CLANG_WARN__DUPLICATE_METHOD_MATCH = YES;
				COPY_PHASE_STRIP = NO;
				DEBUG_INFORMATION_FORMAT = "dwarf-with-dsym";
				ENABLE_NS_ASSERTIONS = NO;
				ENABLE_STRICT_OBJC_MSGSEND = YES;
				GCC_C_LANGUAGE_STANDARD = gnu11;
				GCC_NO_COMMON_BLOCKS = YES;
				GCC_WARN_64_TO_32_BIT_CONVERSION = YES;
				GCC_WARN_ABOUT_RETURN_TYPE = YES_ERROR;
				GCC_WARN_UNDECLARED_SELECTOR = YES;
				GCC_WARN_UNINITIALIZED_AUTOS = YES_AGGRESSIVE;
				GCC_WARN_UNUSED_FUNCTION = YES;
				GCC_WARN_UNUSED_VARIABLE = YES;
				IPHONEOS_DEPLOYMENT_TARGET = 14.5;
				MTL_ENABLE_DEBUG_INFO = NO;
				MTL_FAST_MATH = YES;
				SDKROOT = iphoneos;
				SWIFT_COMPILATION_MODE = wholemodule;
				SWIFT_OPTIMIZATION_LEVEL = "-O";
				VALIDATE_PRODUCT = YES;
			};
			name = Release;
		};
		0257359C26CD53A9006E3E6E /* Debug */ = {
			isa = XCBuildConfiguration;
			buildSettings = {
				ASSETCATALOG_COMPILER_APPICON_NAME = AppIcon;
				ASSETCATALOG_COMPILER_GLOBAL_ACCENT_COLOR_NAME = AccentColor;
				CODE_SIGN_STYLE = Automatic;
				DEVELOPMENT_TEAM = SAY4Y2DWXX;
				INFOPLIST_FILE = FinamNewsApp/Info.plist;
				IPHONEOS_DEPLOYMENT_TARGET = 13.0;
				LD_RUNPATH_SEARCH_PATHS = (
					"$(inherited)",
					"@executable_path/Frameworks",
				);
				PRODUCT_BUNDLE_IDENTIFIER = com.tengizov.FinamNewsApp;
				PRODUCT_NAME = "$(TARGET_NAME)";
				SWIFT_VERSION = 5.0;
				TARGETED_DEVICE_FAMILY = 1;
			};
			name = Debug;
		};
		0257359D26CD53A9006E3E6E /* Release */ = {
			isa = XCBuildConfiguration;
			buildSettings = {
				ASSETCATALOG_COMPILER_APPICON_NAME = AppIcon;
				ASSETCATALOG_COMPILER_GLOBAL_ACCENT_COLOR_NAME = AccentColor;
				CODE_SIGN_STYLE = Automatic;
				DEVELOPMENT_TEAM = SAY4Y2DWXX;
				INFOPLIST_FILE = FinamNewsApp/Info.plist;
				IPHONEOS_DEPLOYMENT_TARGET = 13.0;
				LD_RUNPATH_SEARCH_PATHS = (
					"$(inherited)",
					"@executable_path/Frameworks",
				);
				PRODUCT_BUNDLE_IDENTIFIER = com.tengizov.FinamNewsApp;
				PRODUCT_NAME = "$(TARGET_NAME)";
				SWIFT_VERSION = 5.0;
				TARGETED_DEVICE_FAMILY = 1;
			};
			name = Release;
		};
/* End XCBuildConfiguration section */

/* Begin XCConfigurationList section */
		0257358226CD53A7006E3E6E /* Build configuration list for PBXProject "FinamNewsApp" */ = {
			isa = XCConfigurationList;
			buildConfigurations = (
				0257359926CD53A9006E3E6E /* Debug */,
				0257359A26CD53A9006E3E6E /* Release */,
			);
			defaultConfigurationIsVisible = 0;
			defaultConfigurationName = Release;
		};
		0257359B26CD53A9006E3E6E /* Build configuration list for PBXNativeTarget "FinamNewsApp" */ = {
			isa = XCConfigurationList;
			buildConfigurations = (
				0257359C26CD53A9006E3E6E /* Debug */,
				0257359D26CD53A9006E3E6E /* Release */,
			);
			defaultConfigurationIsVisible = 0;
			defaultConfigurationName = Release;
		};
/* End XCConfigurationList section */
	};
	rootObject = 0257357F26CD53A7006E3E6E /* Project object */;
}
